
Microsoft Visual Studio Solution File, Format Version 12.00
# Visual Studio Version 16
VisualStudioVersion = 16.0.29519.87
MinimumVisualStudioVersion = 10.0.40219.1
Project("{FAE04EC0-301F-11D3-BF4B-00C04F79EFBC}") = "Core.Api", "Core.Api.csproj", "{913A1625-05A8-4F40-A893-F549D6613513}"
EndProject
Global
	GlobalSection(SolutionConfigurationPlatforms) = preSolution
		Debug|Any CPU = Debug|Any CPU
		Release|Any CPU = Release|Any CPU
	EndGlobalSection
	GlobalSection(ProjectConfigurationPlatforms) = postSolution
		{913A1625-05A8-4F40-A893-F549D6613513}.Debug|Any CPU.ActiveCfg = Debug|Any CPU
		{913A1625-05A8-4F40-A893-F549D6613513}.Debug|Any CPU.Build.0 = Debug|Any CPU
		{913A1625-05A8-4F40-A893-F549D6613513}.Release|Any CPU.ActiveCfg = Release|Any CPU
		{913A1625-05A8-4F40-A893-F549D6613513}.Release|Any CPU.Build.0 = Release|Any CPU
	EndGlobalSection
	GlobalSection(SolutionProperties) = preSolution
		HideSolutionNode = FALSE
	EndGlobalSection
	GlobalSection(ExtensibilityGlobals) = postSolution
		SolutionGuid = {E1A5FC2F-C7D5-4122-86EB-BA31A36A431A}
	EndGlobalSection
EndGlobal
